
Microsoft Visual Studio Solution File, Format Version 12.00
# Visual Studio Version 17
VisualStudioVersion = 17.13.35931.197
MinimumVisualStudioVersion = 10.0.40219.1
Project("{FAE04EC0-301F-11D3-BF4B-00C04F79EFBC}") = "PHOTELAPP.Web", "PHOTELAPP.Web\PHOTELAPP.Web.csproj", "{43775A85-AC32-4A11-937E-24DC0905D61D}"
EndProject
Global
	GlobalSection(SolutionConfigurationPlatforms) = preSolution
		Debug|Any CPU = Debug|Any CPU
		Release|Any CPU = Release|Any CPU
	EndGlobalSection
	GlobalSection(ProjectConfigurationPlatforms) = postSolution
		{43775A85-AC32-4A11-937E-24DC0905D61D}.Debug|Any CPU.ActiveCfg = Debug|Any CPU
		{43775A85-AC32-4A11-937E-24DC0905D61D}.Debug|Any CPU.Build.0 = Debug|Any CPU
		{43775A85-AC32-4A11-937E-24DC0905D61D}.Release|Any CPU.ActiveCfg = Release|Any CPU
		{43775A85-AC32-4A11-937E-24DC0905D61D}.Release|Any CPU.Build.0 = Release|Any CPU
	EndGlobalSection
	GlobalSection(SolutionProperties) = preSolution
		HideSolutionNode = FALSE
	EndGlobalSection
	GlobalSection(ExtensibilityGlobals) = postSolution
		SolutionGuid = {68784821-F234-4ADE-8A4E-D572FD3D2FEF}
	EndGlobalSection
EndGlobal
